// !$*UTF8*$!
{
	archiveVersion = 1;
	classes = {
	};
	objectVersion = 46;
	objects = {

/* Begin PBXBuildFile section */
		76BCF6BB1E7F786F0081535E /* main.m in Sources */ = {isa = PBXBuildFile; fileRef = 76BCF6BA1E7F786F0081535E /* main.m */; };
		76BCF6BE1E7F786F0081535E /* AppDelegate.m in Sources */ = {isa = PBXBuildFile; fileRef = 76BCF6BD1E7F786F0081535E /* AppDelegate.m */; };
		76BCF6C41E7F786F0081535E /* Main.storyboard in Resources */ = {isa = PBXBuildFile; fileRef = 76BCF6C21E7F786F0081535E /* Main.storyboard */; };
		76BCF6C61E7F786F0081535E /* Assets.xcassets in Resources */ = {isa = PBXBuildFile; fileRef = 76BCF6C51E7F786F0081535E /* Assets.xcassets */; };
		76BCF6C91E7F786F0081535E /* LaunchScreen.storyboard in Resources */ = {isa = PBXBuildFile; fileRef = 76BCF6C71E7F786F0081535E /* LaunchScreen.storyboard */; };
		76BCF6D41E7F786F0081535E /* ZWFrameworkTests.m in Sources */ = {isa = PBXBuildFile; fileRef = 76BCF6D31E7F786F0081535E /* ZWFrameworkTests.m */; };
		76BCF6DF1E7F786F0081535E /* ZWFrameworkUITests.m in Sources */ = {isa = PBXBuildFile; fileRef = 76BCF6DE1E7F786F0081535E /* ZWFrameworkUITests.m */; };
		76BCF6F11E7F7BE60081535E /* ZWBaseVC.m in Sources */ = {isa = PBXBuildFile; fileRef = 76BCF6EE1E7F7BE60081535E /* ZWBaseVC.m */; };
		76BCF6F21E7F7BE60081535E /* ZWMainTabBarVC.m in Sources */ = {isa = PBXBuildFile; fileRef = 76BCF6F01E7F7BE60081535E /* ZWMainTabBarVC.m */; };
		76BCF6F81E7F7BEE0081535E /* ZWTabBar.m in Sources */ = {isa = PBXBuildFile; fileRef = 76BCF6F51E7F7BEE0081535E /* ZWTabBar.m */; };
		76BCF6F91E7F7BEE0081535E /* ZWTabBarItem.m in Sources */ = {isa = PBXBuildFile; fileRef = 76BCF6F71E7F7BEE0081535E /* ZWTabBarItem.m */; };
		76BCF6FD1E7F7D7F0081535E /* ZWHomeViewController.m in Sources */ = {isa = PBXBuildFile; fileRef = 76BCF6FC1E7F7D7F0081535E /* ZWHomeViewController.m */; };
		76BCF7001E7F7E760081535E /* ZWTwoViewController.m in Sources */ = {isa = PBXBuildFile; fileRef = 76BCF6FF1E7F7E760081535E /* ZWTwoViewController.m */; };
		76BCF7031E7F7E840081535E /* ZWThreeViewController.m in Sources */ = {isa = PBXBuildFile; fileRef = 76BCF7021E7F7E840081535E /* ZWThreeViewController.m */; };
		76BCF7061E7F7E930081535E /* ZWFourViewController.m in Sources */ = {isa = PBXBuildFile; fileRef = 76BCF7051E7F7E930081535E /* ZWFourViewController.m */; };
/* End PBXBuildFile section */

/* Begin PBXContainerItemProxy section */
		76BCF6D01E7F786F0081535E /* PBXContainerItemProxy */ = {
			isa = PBXContainerItemProxy;
			containerPortal = 76BCF6AE1E7F786F0081535E /* Project object */;
			proxyType = 1;
			remoteGlobalIDString = 76BCF6B51E7F786F0081535E;
			remoteInfo = ZWFramework;
		};
		76BCF6DB1E7F786F0081535E /* PBXContainerItemProxy */ = {
			isa = PBXContainerItemProxy;
			containerPortal = 76BCF6AE1E7F786F0081535E /* Project object */;
			proxyType = 1;
			remoteGlobalIDString = 76BCF6B51E7F786F0081535E;
			remoteInfo = ZWFramework;
		};
/* End PBXContainerItemProxy section */

/* Begin PBXFileReference section */
		76BCF6B61E7F786F0081535E /* ZWFramework.app */ = {isa = PBXFileReference; explicitFileType = wrapper.application; includeInIndex = 0; path = ZWFramework.app; sourceTree = BUILT_PRODUCTS_DIR; };
		76BCF6BA1E7F786F0081535E /* main.m */ = {isa = PBXFileReference; lastKnownFileType = sourcecode.c.objc; path = main.m; sourceTree = "<group>"; };
		76BCF6BC1E7F786F0081535E /* AppDelegate.h */ = {isa = PBXFileReference; lastKnownFileType = sourcecode.c.h; path = AppDelegate.h; sourceTree = "<group>"; };
		76BCF6BD1E7F786F0081535E /* AppDelegate.m */ = {isa = PBXFileReference; lastKnownFileType = sourcecode.c.objc; path = AppDelegate.m; sourceTree = "<group>"; };
		76BCF6C31E7F786F0081535E /* Base */ = {isa = PBXFileReference; lastKnownFileType = file.storyboard; name = Base; path = Base.lproj/Main.storyboard; sourceTree = "<group>"; };
		76BCF6C51E7F786F0081535E /* Assets.xcassets */ = {isa = PBXFileReference; lastKnownFileType = folder.assetcatalog; path = Assets.xcassets; sourceTree = "<group>"; };
		76BCF6C81E7F786F0081535E /* Base */ = {isa = PBXFileReference; lastKnownFileType = file.storyboard; name = Base; path = Base.lproj/LaunchScreen.storyboard; sourceTree = "<group>"; };
		76BCF6CA1E7F786F0081535E /* Info.plist */ = {isa = PBXFileReference; lastKnownFileType = text.plist.xml; path = Info.plist; sourceTree = "<group>"; };
		76BCF6CF1E7F786F0081535E /* ZWFrameworkTests.xctest */ = {isa = PBXFileReference; explicitFileType = wrapper.cfbundle; includeInIndex = 0; path = ZWFrameworkTests.xctest; sourceTree = BUILT_PRODUCTS_DIR; };
		76BCF6D31E7F786F0081535E /* ZWFrameworkTests.m */ = {isa = PBXFileReference; lastKnownFileType = sourcecode.c.objc; path = ZWFrameworkTests.m; sourceTree = "<group>"; };
		76BCF6D51E7F786F0081535E /* Info.plist */ = {isa = PBXFileReference; lastKnownFileType = text.plist.xml; path = Info.plist; sourceTree = "<group>"; };
		76BCF6DA1E7F786F0081535E /* ZWFrameworkUITests.xctest */ = {isa = PBXFileReference; explicitFileType = wrapper.cfbundle; includeInIndex = 0; path = ZWFrameworkUITests.xctest; sourceTree = BUILT_PRODUCTS_DIR; };
		76BCF6DE1E7F786F0081535E /* ZWFrameworkUITests.m */ = {isa = PBXFileReference; lastKnownFileType = sourcecode.c.objc; path = ZWFrameworkUITests.m; sourceTree = "<group>"; };
		76BCF6E01E7F786F0081535E /* Info.plist */ = {isa = PBXFileReference; lastKnownFileType = text.plist.xml; path = Info.plist; sourceTree = "<group>"; };
		76BCF6ED1E7F7BE60081535E /* ZWBaseVC.h */ = {isa = PBXFileReference; fileEncoding = 4; lastKnownFileType = sourcecode.c.h; path = ZWBaseVC.h; sourceTree = "<group>"; };
		76BCF6EE1E7F7BE60081535E /* ZWBaseVC.m */ = {isa = PBXFileReference; fileEncoding = 4; lastKnownFileType = sourcecode.c.objc; path = ZWBaseVC.m; sourceTree = "<group>"; };
		76BCF6EF1E7F7BE60081535E /* ZWMainTabBarVC.h */ = {isa = PBXFileReference; fileEncoding = 4; lastKnownFileType = sourcecode.c.h; path = ZWMainTabBarVC.h; sourceTree = "<group>"; };
		76BCF6F01E7F7BE60081535E /* ZWMainTabBarVC.m */ = {isa = PBXFileReference; fileEncoding = 4; lastKnownFileType = sourcecode.c.objc; path = ZWMainTabBarVC.m; sourceTree = "<group>"; };
		76BCF6F41E7F7BEE0081535E /* ZWTabBar.h */ = {isa = PBXFileReference; fileEncoding = 4; lastKnownFileType = sourcecode.c.h; path = ZWTabBar.h; sourceTree = "<group>"; };
		76BCF6F51E7F7BEE0081535E /* ZWTabBar.m */ = {isa = PBXFileReference; fileEncoding = 4; lastKnownFileType = sourcecode.c.objc; path = ZWTabBar.m; sourceTree = "<group>"; };
		76BCF6F61E7F7BEE0081535E /* ZWTabBarItem.h */ = {isa = PBXFileReference; fileEncoding = 4; lastKnownFileType = sourcecode.c.h; path = ZWTabBarItem.h; sourceTree = "<group>"; };
		76BCF6F71E7F7BEE0081535E /* ZWTabBarItem.m */ = {isa = PBXFileReference; fileEncoding = 4; lastKnownFileType = sourcecode.c.objc; path = ZWTabBarItem.m; sourceTree = "<group>"; };
		76BCF6FB1E7F7D7F0081535E /* ZWHomeViewController.h */ = {isa = PBXFileReference; fileEncoding = 4; lastKnownFileType = sourcecode.c.h; path = ZWHomeViewController.h; sourceTree = "<group>"; };
		76BCF6FC1E7F7D7F0081535E /* ZWHomeViewController.m */ = {isa = PBXFileReference; fileEncoding = 4; lastKnownFileType = sourcecode.c.objc; path = ZWHomeViewController.m; sourceTree = "<group>"; };
		76BCF6FE1E7F7E760081535E /* ZWTwoViewController.h */ = {isa = PBXFileReference; fileEncoding = 4; lastKnownFileType = sourcecode.c.h; path = ZWTwoViewController.h; sourceTree = "<group>"; };
		76BCF6FF1E7F7E760081535E /* ZWTwoViewController.m */ = {isa = PBXFileReference; fileEncoding = 4; lastKnownFileType = sourcecode.c.objc; path = ZWTwoViewController.m; sourceTree = "<group>"; };
		76BCF7011E7F7E840081535E /* ZWThreeViewController.h */ = {isa = PBXFileReference; fileEncoding = 4; lastKnownFileType = sourcecode.c.h; path = ZWThreeViewController.h; sourceTree = "<group>"; };
		76BCF7021E7F7E840081535E /* ZWThreeViewController.m */ = {isa = PBXFileReference; fileEncoding = 4; lastKnownFileType = sourcecode.c.objc; path = ZWThreeViewController.m; sourceTree = "<group>"; };
		76BCF7041E7F7E930081535E /* ZWFourViewController.h */ = {isa = PBXFileReference; fileEncoding = 4; lastKnownFileType = sourcecode.c.h; path = ZWFourViewController.h; sourceTree = "<group>"; };
		76BCF7051E7F7E930081535E /* ZWFourViewController.m */ = {isa = PBXFileReference; fileEncoding = 4; lastKnownFileType = sourcecode.c.objc; path = ZWFourViewController.m; sourceTree = "<group>"; };
/* End PBXFileReference section */

/* Begin PBXFrameworksBuildPhase section */
		76BCF6B31E7F786F0081535E /* Frameworks */ = {
			isa = PBXFrameworksBuildPhase;
			buildActionMask = 2147483647;
			files = (
			);
			runOnlyForDeploymentPostprocessing = 0;
		};
		76BCF6CC1E7F786F0081535E /* Frameworks */ = {
			isa = PBXFrameworksBuildPhase;
			buildActionMask = 2147483647;
			files = (
			);
			runOnlyForDeploymentPostprocessing = 0;
		};
		76BCF6D71E7F786F0081535E /* Frameworks */ = {
			isa = PBXFrameworksBuildPhase;
			buildActionMask = 2147483647;
			files = (
			);
			runOnlyForDeploymentPostprocessing = 0;
		};
/* End PBXFrameworksBuildPhase section */

/* Begin PBXGroup section */
		76BCF6AD1E7F786F0081535E = {
			isa = PBXGroup;
			children = (
				76BCF6B81E7F786F0081535E /* ZWFramework */,
				76BCF6D21E7F786F0081535E /* ZWFrameworkTests */,
				76BCF6DD1E7F786F0081535E /* ZWFrameworkUITests */,
				76BCF6B71E7F786F0081535E /* Products */,
			);
			sourceTree = "<group>";
		};
		76BCF6B71E7F786F0081535E /* Products */ = {
			isa = PBXGroup;
			children = (
				76BCF6B61E7F786F0081535E /* ZWFramework.app */,
				76BCF6CF1E7F786F0081535E /* ZWFrameworkTests.xctest */,
				76BCF6DA1E7F786F0081535E /* ZWFrameworkUITests.xctest */,
			);
			name = Products;
			sourceTree = "<group>";
		};
		76BCF6B81E7F786F0081535E /* ZWFramework */ = {
			isa = PBXGroup;
			children = (
				76BCF6BC1E7F786F0081535E /* AppDelegate.h */,
				76BCF6BD1E7F786F0081535E /* AppDelegate.m */,
				76BCF6FA1E7F7D2C0081535E /* ViewController */,
				76BCF6EC1E7F7BE60081535E /* Main */,
				76BCF6F31E7F7BEE0081535E /* TabBar */,
				76BCF6C21E7F786F0081535E /* Main.storyboard */,
				76BCF6C51E7F786F0081535E /* Assets.xcassets */,
				76BCF6C71E7F786F0081535E /* LaunchScreen.storyboard */,
				76BCF6CA1E7F786F0081535E /* Info.plist */,
				76BCF6B91E7F786F0081535E /* Supporting Files */,
			);
			path = ZWFramework;
			sourceTree = "<group>";
		};
		76BCF6B91E7F786F0081535E /* Supporting Files */ = {
			isa = PBXGroup;
			children = (
				76BCF6BA1E7F786F0081535E /* main.m */,
			);
			name = "Supporting Files";
			sourceTree = "<group>";
		};
		76BCF6D21E7F786F0081535E /* ZWFrameworkTests */ = {
			isa = PBXGroup;
			children = (
				76BCF6D31E7F786F0081535E /* ZWFrameworkTests.m */,
				76BCF6D51E7F786F0081535E /* Info.plist */,
			);
			path = ZWFrameworkTests;
			sourceTree = "<group>";
		};
		76BCF6DD1E7F786F0081535E /* ZWFrameworkUITests */ = {
			isa = PBXGroup;
			children = (
				76BCF6DE1E7F786F0081535E /* ZWFrameworkUITests.m */,
				76BCF6E01E7F786F0081535E /* Info.plist */,
			);
			path = ZWFrameworkUITests;
			sourceTree = "<group>";
		};
		76BCF6EC1E7F7BE60081535E /* Main */ = {
			isa = PBXGroup;
			children = (
				76BCF6EF1E7F7BE60081535E /* ZWMainTabBarVC.h */,
				76BCF6F01E7F7BE60081535E /* ZWMainTabBarVC.m */,
				76BCF6ED1E7F7BE60081535E /* ZWBaseVC.h */,
				76BCF6EE1E7F7BE60081535E /* ZWBaseVC.m */,
			);
			path = Main;
			sourceTree = "<group>";
		};
		76BCF6F31E7F7BEE0081535E /* TabBar */ = {
			isa = PBXGroup;
			children = (
				76BCF6F41E7F7BEE0081535E /* ZWTabBar.h */,
				76BCF6F51E7F7BEE0081535E /* ZWTabBar.m */,
				76BCF6F61E7F7BEE0081535E /* ZWTabBarItem.h */,
				76BCF6F71E7F7BEE0081535E /* ZWTabBarItem.m */,
			);
			path = TabBar;
			sourceTree = "<group>";
		};
		76BCF6FA1E7F7D2C0081535E /* ViewController */ = {
			isa = PBXGroup;
			children = (
				76BCF6FB1E7F7D7F0081535E /* ZWHomeViewController.h */,
				76BCF6FC1E7F7D7F0081535E /* ZWHomeViewController.m */,
				76BCF6FE1E7F7E760081535E /* ZWTwoViewController.h */,
				76BCF6FF1E7F7E760081535E /* ZWTwoViewController.m */,
				76BCF7011E7F7E840081535E /* ZWThreeViewController.h */,
				76BCF7021E7F7E840081535E /* ZWThreeViewController.m */,
				76BCF7041E7F7E930081535E /* ZWFourViewController.h */,
				76BCF7051E7F7E930081535E /* ZWFourViewController.m */,
			);
			path = ViewController;
			sourceTree = "<group>";
		};
/* End PBXGroup section */

/* Begin PBXNativeTarget section */
		76BCF6B51E7F786F0081535E /* ZWFramework */ = {
			isa = PBXNativeTarget;
			buildConfigurationList = 76BCF6E31E7F786F0081535E /* Build configuration list for PBXNativeTarget "ZWFramework" */;
			buildPhases = (
				76BCF6B21E7F786F0081535E /* Sources */,
				76BCF6B31E7F786F0081535E /* Frameworks */,
				76BCF6B41E7F786F0081535E /* Resources */,
			);
			buildRules = (
			);
			dependencies = (
			);
			name = ZWFramework;
			productName = ZWFramework;
			productReference = 76BCF6B61E7F786F0081535E /* ZWFramework.app */;
			productType = "com.apple.product-type.application";
		};
		76BCF6CE1E7F786F0081535E /* ZWFrameworkTests */ = {
			isa = PBXNativeTarget;
			buildConfigurationList = 76BCF6E61E7F786F0081535E /* Build configuration list for PBXNativeTarget "ZWFrameworkTests" */;
			buildPhases = (
				76BCF6CB1E7F786F0081535E /* Sources */,
				76BCF6CC1E7F786F0081535E /* Frameworks */,
				76BCF6CD1E7F786F0081535E /* Resources */,
			);
			buildRules = (
			);
			dependencies = (
				76BCF6D11E7F786F0081535E /* PBXTargetDependency */,
			);
			name = ZWFrameworkTests;
			productName = ZWFrameworkTests;
			productReference = 76BCF6CF1E7F786F0081535E /* ZWFrameworkTests.xctest */;
			productType = "com.apple.product-type.bundle.unit-test";
		};
		76BCF6D91E7F786F0081535E /* ZWFrameworkUITests */ = {
			isa = PBXNativeTarget;
			buildConfigurationList = 76BCF6E91E7F786F0081535E /* Build configuration list for PBXNativeTarget "ZWFrameworkUITests" */;
			buildPhases = (
				76BCF6D61E7F786F0081535E /* Sources */,
				76BCF6D71E7F786F0081535E /* Frameworks */,
				76BCF6D81E7F786F0081535E /* Resources */,
			);
			buildRules = (
			);
			dependencies = (
				76BCF6DC1E7F786F0081535E /* PBXTargetDependency */,
			);
			name = ZWFrameworkUITests;
			productName = ZWFrameworkUITests;
			productReference = 76BCF6DA1E7F786F0081535E /* ZWFrameworkUITests.xctest */;
			productType = "com.apple.product-type.bundle.ui-testing";
		};
/* End PBXNativeTarget section */

/* Begin PBXProject section */
		76BCF6AE1E7F786F0081535E /* Project object */ = {
			isa = PBXProject;
			attributes = {
				LastUpgradeCheck = 0820;
				ORGANIZATIONNAME = joon;
				TargetAttributes = {
					76BCF6B51E7F786F0081535E = {
						CreatedOnToolsVersion = 8.2.1;
						DevelopmentTeam = G35F2UFC69;
						ProvisioningStyle = Automatic;
					};
					76BCF6CE1E7F786F0081535E = {
						CreatedOnToolsVersion = 8.2.1;
						DevelopmentTeam = G35F2UFC69;
						ProvisioningStyle = Automatic;
						TestTargetID = 76BCF6B51E7F786F0081535E;
					};
					76BCF6D91E7F786F0081535E = {
						CreatedOnToolsVersion = 8.2.1;
						DevelopmentTeam = G35F2UFC69;
						ProvisioningStyle = Automatic;
						TestTargetID = 76BCF6B51E7F786F0081535E;
					};
				};
			};
			buildConfigurationList = 76BCF6B11E7F786F0081535E /* Build configuration list for PBXProject "ZWFramework" */;
			compatibilityVersion = "Xcode 3.2";
			developmentRegion = English;
			hasScannedForEncodings = 0;
			knownRegions = (
				en,
				Base,
			);
			mainGroup = 76BCF6AD1E7F786F0081535E;
			productRefGroup = 76BCF6B71E7F786F0081535E /* Products */;
			projectDirPath = "";
			projectRoot = "";
			targets = (
				76BCF6B51E7F786F0081535E /* ZWFramework */,
				76BCF6CE1E7F786F0081535E /* ZWFrameworkTests */,
				76BCF6D91E7F786F0081535E /* ZWFrameworkUITests */,
			);
		};
/* End PBXProject section */

/* Begin PBXResourcesBuildPhase section */
		76BCF6B41E7F786F0081535E /* Resources */ = {
			isa = PBXResourcesBuildPhase;
			buildActionMask = 2147483647;
			files = (
				76BCF6C91E7F786F0081535E /* LaunchScreen.storyboard in Resources */,
				76BCF6C61E7F786F0081535E /* Assets.xcassets in Resources */,
				76BCF6C41E7F786F0081535E /* Main.storyboard in Resources */,
			);
			runOnlyForDeploymentPostprocessing = 0;
		};
		76BCF6CD1E7F786F0081535E /* Resources */ = {
			isa = PBXResourcesBuildPhase;
			buildActionMask = 2147483647;
			files = (
			);
			runOnlyForDeploymentPostprocessing = 0;
		};
		76BCF6D81E7F786F0081535E /* Resources */ = {
			isa = PBXResourcesBuildPhase;
			buildActionMask = 2147483647;
			files = (
			);
			runOnlyForDeploymentPostprocessing = 0;
		};
/* End PBXResourcesBuildPhase section */

/* Begin PBXSourcesBuildPhase section */
		76BCF6B21E7F786F0081535E /* Sources */ = {
			isa = PBXSourcesBuildPhase;
			buildActionMask = 2147483647;
			files = (
				76BCF6F81E7F7BEE0081535E /* ZWTabBar.m in Sources */,
				76BCF6F21E7F7BE60081535E /* ZWMainTabBarVC.m in Sources */,
				76BCF7001E7F7E760081535E /* ZWTwoViewController.m in Sources */,
				76BCF6F91E7F7BEE0081535E /* ZWTabBarItem.m in Sources */,
				76BCF6FD1E7F7D7F0081535E /* ZWHomeViewController.m in Sources */,
				76BCF6BE1E7F786F0081535E /* AppDelegate.m in Sources */,
				76BCF6F11E7F7BE60081535E /* ZWBaseVC.m in Sources */,
				76BCF6BB1E7F786F0081535E /* main.m in Sources */,
				76BCF7031E7F7E840081535E /* ZWThreeViewController.m in Sources */,
				76BCF7061E7F7E930081535E /* ZWFourViewController.m in Sources */,
			);
			runOnlyForDeploymentPostprocessing = 0;
		};
		76BCF6CB1E7F786F0081535E /* Sources */ = {
			isa = PBXSourcesBuildPhase;
			buildActionMask = 2147483647;
			files = (
				76BCF6D41E7F786F0081535E /* ZWFrameworkTests.m in Sources */,
			);
			runOnlyForDeploymentPostprocessing = 0;
		};
		76BCF6D61E7F786F0081535E /* Sources */ = {
			isa = PBXSourcesBuildPhase;
			buildActionMask = 2147483647;
			files = (
				76BCF6DF1E7F786F0081535E /* ZWFrameworkUITests.m in Sources */,
			);
			runOnlyForDeploymentPostprocessing = 0;
		};
/* End PBXSourcesBuildPhase section */

/* Begin PBXTargetDependency section */
		76BCF6D11E7F786F0081535E /* PBXTargetDependency */ = {
			isa = PBXTargetDependency;
			target = 76BCF6B51E7F786F0081535E /* ZWFramework */;
			targetProxy = 76BCF6D01E7F786F0081535E /* PBXContainerItemProxy */;
		};
		76BCF6DC1E7F786F0081535E /* PBXTargetDependency */ = {
			isa = PBXTargetDependency;
			target = 76BCF6B51E7F786F0081535E /* ZWFramework */;
			targetProxy = 76BCF6DB1E7F786F0081535E /* PBXContainerItemProxy */;
		};
/* End PBXTargetDependency section */

/* Begin PBXVariantGroup section */
		76BCF6C21E7F786F0081535E /* Main.storyboard */ = {
			isa = PBXVariantGroup;
			children = (
				76BCF6C31E7F786F0081535E /* Base */,
			);
			name = Main.storyboard;
			sourceTree = "<group>";
		};
		76BCF6C71E7F786F0081535E /* LaunchScreen.storyboard */ = {
			isa = PBXVariantGroup;
			children = (
				76BCF6C81E7F786F0081535E /* Base */,
			);
			name = LaunchScreen.storyboard;
			sourceTree = "<group>";
		};
/* End PBXVariantGroup section */

/* Begin XCBuildConfiguration section */
		76BCF6E11E7F786F0081535E /* Debug */ = {
			isa = XCBuildConfiguration;
			buildSettings = {
				ALWAYS_SEARCH_USER_PATHS = NO;
				CLANG_ANALYZER_NONNULL = YES;
				CLANG_CXX_LANGUAGE_STANDARD = "gnu++0x";
				CLANG_CXX_LIBRARY = "libc++";
				CLANG_ENABLE_MODULES = YES;
				CLANG_ENABLE_OBJC_ARC = YES;
				CLANG_WARN_BOOL_CONVERSION = YES;
				CLANG_WARN_CONSTANT_CONVERSION = YES;
				CLANG_WARN_DIRECT_OBJC_ISA_USAGE = YES_ERROR;
				CLANG_WARN_DOCUMENTATION_COMMENTS = YES;
				CLANG_WARN_EMPTY_BODY = YES;
				CLANG_WARN_ENUM_CONVERSION = YES;
				CLANG_WARN_INFINITE_RECURSION = YES;
				CLANG_WARN_INT_CONVERSION = YES;
				CLANG_WARN_OBJC_ROOT_CLASS = YES_ERROR;
				CLANG_WARN_SUSPICIOUS_MOVE = YES;
				CLANG_WARN_UNREACHABLE_CODE = YES;
				CLANG_WARN__DUPLICATE_METHOD_MATCH = YES;
				"CODE_SIGN_IDENTITY[sdk=iphoneos*]" = "iPhone Developer";
				COPY_PHASE_STRIP = NO;
				DEBUG_INFORMATION_FORMAT = dwarf;
				ENABLE_STRICT_OBJC_MSGSEND = YES;
				ENABLE_TESTABILITY = YES;
				GCC_C_LANGUAGE_STANDARD = gnu99;
				GCC_DYNAMIC_NO_PIC = NO;
				GCC_NO_COMMON_BLOCKS = YES;
				GCC_OPTIMIZATION_LEVEL = 0;
				GCC_PREPROCESSOR_DEFINITIONS = (
					"DEBUG=1",
					"$(inherited)",
				);
				GCC_WARN_64_TO_32_BIT_CONVERSION = YES;
				GCC_WARN_ABOUT_RETURN_TYPE = YES_ERROR;
				GCC_WARN_UNDECLARED_SELECTOR = YES;
				GCC_WARN_UNINITIALIZED_AUTOS = YES_AGGRESSIVE;
				GCC_WARN_UNUSED_FUNCTION = YES;
				GCC_WARN_UNUSED_VARIABLE = YES;
				IPHONEOS_DEPLOYMENT_TARGET = 10.2;
				MTL_ENABLE_DEBUG_INFO = YES;
				ONLY_ACTIVE_ARCH = YES;
				SDKROOT = iphoneos;
			};
			name = Debug;
		};
		76BCF6E21E7F786F0081535E /* Release */ = {
			isa = XCBuildConfiguration;
			buildSettings = {
				ALWAYS_SEARCH_USER_PATHS = NO;
				CLANG_ANALYZER_NONNULL = YES;
				CLANG_CXX_LANGUAGE_STANDARD = "gnu++0x";
				CLANG_CXX_LIBRARY = "libc++";
				CLANG_ENABLE_MODULES = YES;
				CLANG_ENABLE_OBJC_ARC = YES;
				CLANG_WARN_BOOL_CONVERSION = YES;
				CLANG_WARN_CONSTANT_CONVERSION = YES;
				CLANG_WARN_DIRECT_OBJC_ISA_USAGE = YES_ERROR;
				CLANG_WARN_DOCUMENTATION_COMMENTS = YES;
				CLANG_WARN_EMPTY_BODY = YES;
				CLANG_WARN_ENUM_CONVERSION = YES;
				CLANG_WARN_INFINITE_RECURSION = YES;
				CLANG_WARN_INT_CONVERSION = YES;
				CLANG_WARN_OBJC_ROOT_CLASS = YES_ERROR;
				CLANG_WARN_SUSPICIOUS_MOVE = YES;
				CLANG_WARN_UNREACHABLE_CODE = YES;
				CLANG_WARN__DUPLICATE_METHOD_MATCH = YES;
				"CODE_SIGN_IDENTITY[sdk=iphoneos*]" = "iPhone Developer";
				COPY_PHASE_STRIP = NO;
				DEBUG_INFORMATION_FORMAT = "dwarf-with-dsym";
				ENABLE_NS_ASSERTIONS = NO;
				ENABLE_STRICT_OBJC_MSGSEND = YES;
				GCC_C_LANGUAGE_STANDARD = gnu99;
				GCC_NO_COMMON_BLOCKS = YES;
				GCC_WARN_64_TO_32_BIT_CONVERSION = YES;
				GCC_WARN_ABOUT_RETURN_TYPE = YES_ERROR;
				GCC_WARN_UNDECLARED_SELECTOR = YES;
				GCC_WARN_UNINITIALIZED_AUTOS = YES_AGGRESSIVE;
				GCC_WARN_UNUSED_FUNCTION = YES;
				GCC_WARN_UNUSED_VARIABLE = YES;
				IPHONEOS_DEPLOYMENT_TARGET = 10.2;
				MTL_ENABLE_DEBUG_INFO = NO;
				SDKROOT = iphoneos;
				VALIDATE_PRODUCT = YES;
			};
			name = Release;
		};
		76BCF6E41E7F786F0081535E /* Debug */ = {
			isa = XCBuildConfiguration;
			buildSettings = {
				ASSETCATALOG_COMPILER_APPICON_NAME = AppIcon;
				DEVELOPMENT_TEAM = G35F2UFC69;
				INFOPLIST_FILE = ZWFramework/Info.plist;
				LD_RUNPATH_SEARCH_PATHS = "$(inherited) @executable_path/Frameworks";
				PRODUCT_BUNDLE_IDENTIFIER = joon.ZWFramework;
				PRODUCT_NAME = "$(TARGET_NAME)";
			};
			name = Debug;
		};
		76BCF6E51E7F786F0081535E /* Release */ = {
			isa = XCBuildConfiguration;
			buildSettings = {
				ASSETCATALOG_COMPILER_APPICON_NAME = AppIcon;
				DEVELOPMENT_TEAM = G35F2UFC69;
				INFOPLIST_FILE = ZWFramework/Info.plist;
				LD_RUNPATH_SEARCH_PATHS = "$(inherited) @executable_path/Frameworks";
				PRODUCT_BUNDLE_IDENTIFIER = joon.ZWFramework;
				PRODUCT_NAME = "$(TARGET_NAME)";
			};
			name = Release;
		};
		76BCF6E71E7F786F0081535E /* Debug */ = {
			isa = XCBuildConfiguration;
			buildSettings = {
				BUNDLE_LOADER = "$(TEST_HOST)";
				DEVELOPMENT_TEAM = G35F2UFC69;
				INFOPLIST_FILE = ZWFrameworkTests/Info.plist;
				LD_RUNPATH_SEARCH_PATHS = "$(inherited) @executable_path/Frameworks @loader_path/Frameworks";
				PRODUCT_BUNDLE_IDENTIFIER = joon.ZWFrameworkTests;
				PRODUCT_NAME = "$(TARGET_NAME)";
				TEST_HOST = "$(BUILT_PRODUCTS_DIR)/ZWFramework.app/ZWFramework";
			};
			name = Debug;
		};
		76BCF6E81E7F786F0081535E /* Release */ = {
			isa = XCBuildConfiguration;
			buildSettings = {
				BUNDLE_LOADER = "$(TEST_HOST)";
				DEVELOPMENT_TEAM = G35F2UFC69;
				INFOPLIST_FILE = ZWFrameworkTests/Info.plist;
				LD_RUNPATH_SEARCH_PATHS = "$(inherited) @executable_path/Frameworks @loader_path/Frameworks";
				PRODUCT_BUNDLE_IDENTIFIER = joon.ZWFrameworkTests;
				PRODUCT_NAME = "$(TARGET_NAME)";
				TEST_HOST = "$(BUILT_PRODUCTS_DIR)/ZWFramework.app/ZWFramework";
			};
			name = Release;
		};
		76BCF6EA1E7F786F0081535E /* Debug */ = {
			isa = XCBuildConfiguration;
			buildSettings = {
				DEVELOPMENT_TEAM = G35F2UFC69;
				INFOPLIST_FILE = ZWFrameworkUITests/Info.plist;
				LD_RUNPATH_SEARCH_PATHS = "$(inherited) @executable_path/Frameworks @loader_path/Frameworks";
				PRODUCT_BUNDLE_IDENTIFIER = joon.ZWFrameworkUITests;
				PRODUCT_NAME = "$(TARGET_NAME)";
				TEST_TARGET_NAME = ZWFramework;
			};
			name = Debug;
		};
		76BCF6EB1E7F786F0081535E /* Release */ = {
			isa = XCBuildConfiguration;
			buildSettings = {
				DEVELOPMENT_TEAM = G35F2UFC69;
				INFOPLIST_FILE = ZWFrameworkUITests/Info.plist;
				LD_RUNPATH_SEARCH_PATHS = "$(inherited) @executable_path/Frameworks @loader_path/Frameworks";
				PRODUCT_BUNDLE_IDENTIFIER = joon.ZWFrameworkUITests;
				PRODUCT_NAME = "$(TARGET_NAME)";
				TEST_TARGET_NAME = ZWFramework;
			};
			name = Release;
		};
/* End XCBuildConfiguration section */

/* Begin XCConfigurationList section */
		76BCF6B11E7F786F0081535E /* Build configuration list for PBXProject "ZWFramework" */ = {
			isa = XCConfigurationList;
			buildConfigurations = (
				76BCF6E11E7F786F0081535E /* Debug */,
				76BCF6E21E7F786F0081535E /* Release */,
			);
			defaultConfigurationIsVisible = 0;
			defaultConfigurationName = Release;
		};
		76BCF6E31E7F786F0081535E /* Build configuration list for PBXNativeTarget "ZWFramework" */ = {
			isa = XCConfigurationList;
			buildConfigurations = (
				76BCF6E41E7F786F0081535E /* Debug */,
				76BCF6E51E7F786F0081535E /* Release */,
			);
			defaultConfigurationIsVisible = 0;
		};
		76BCF6E61E7F786F0081535E /* Build configuration list for PBXNativeTarget "ZWFrameworkTests" */ = {
			isa = XCConfigurationList;
			buildConfigurations = (
				76BCF6E71E7F786F0081535E /* Debug */,
				76BCF6E81E7F786F0081535E /* Release */,
			);
			defaultConfigurationIsVisible = 0;
		};
		76BCF6E91E7F786F0081535E /* Build configuration list for PBXNativeTarget "ZWFrameworkUITests" */ = {
			isa = XCConfigurationList;
			buildConfigurations = (
				76BCF6EA1E7F786F0081535E /* Debug */,
				76BCF6EB1E7F786F0081535E /* Release */,
			);
			defaultConfigurationIsVisible = 0;
		};
/* End XCConfigurationList section */
	};
	rootObject = 76BCF6AE1E7F786F0081535E /* Project object */;
}
